
Microsoft Visual Studio Solution File, Format Version 12.00
# Visual Studio Version 16
VisualStudioVersion = 16.0.29411.108
MinimumVisualStudioVersion = 10.0.40219.1
Project("{FAE04EC0-301F-11D3-BF4B-00C04F79EFBC}") = "PowerPrinter", "PowerPrinter\PowerPrinter.csproj", "{787A53F7-139A-4F7B-8C54-EABB7DCD4A55}"
EndProject
Project("{FAE04EC0-301F-11D3-BF4B-00C04F79EFBC}") = "BrickWorkers", "BrickWorkers\BrickWorkers.csproj", "{D9CD4BEA-8F22-4A1F-9B68-05D32B829DEB}"
EndProject
Project("{FAE04EC0-301F-11D3-BF4B-00C04F79EFBC}") = "EvenPowerPrinter", "EvenPowerPrinter\EvenPowerPrinter.csproj", "{66554AA7-0AE7-4B2C-9612-7193782E6078}"
EndProject
Project("{FAE04EC0-301F-11D3-BF4B-00C04F79EFBC}") = "AverageCalculator", "AverageCalculator\AverageCalculator.csproj", "{9AB8289E-F0B3-40D4-A529-815FFBCC85FE}"
EndProject
Global
	GlobalSection(SolutionConfigurationPlatforms) = preSolution
		Debug|Any CPU = Debug|Any CPU
		Release|Any CPU = Release|Any CPU
	EndGlobalSection
	GlobalSection(ProjectConfigurationPlatforms) = postSolution
		{787A53F7-139A-4F7B-8C54-EABB7DCD4A55}.Debug|Any CPU.ActiveCfg = Debug|Any CPU
		{787A53F7-139A-4F7B-8C54-EABB7DCD4A55}.Debug|Any CPU.Build.0 = Debug|Any CPU
		{787A53F7-139A-4F7B-8C54-EABB7DCD4A55}.Release|Any CPU.ActiveCfg = Release|Any CPU
		{787A53F7-139A-4F7B-8C54-EABB7DCD4A55}.Release|Any CPU.Build.0 = Release|Any CPU
		{D9CD4BEA-8F22-4A1F-9B68-05D32B829DEB}.Debug|Any CPU.ActiveCfg = Debug|Any CPU
		{D9CD4BEA-8F22-4A1F-9B68-05D32B829DEB}.Debug|Any CPU.Build.0 = Debug|Any CPU
		{D9CD4BEA-8F22-4A1F-9B68-05D32B829DEB}.Release|Any CPU.ActiveCfg = Release|Any CPU
		{D9CD4BEA-8F22-4A1F-9B68-05D32B829DEB}.Release|Any CPU.Build.0 = Release|Any CPU
		{66554AA7-0AE7-4B2C-9612-7193782E6078}.Debug|Any CPU.ActiveCfg = Debug|Any CPU
		{66554AA7-0AE7-4B2C-9612-7193782E6078}.Debug|Any CPU.Build.0 = Debug|Any CPU
		{66554AA7-0AE7-4B2C-9612-7193782E6078}.Release|Any CPU.ActiveCfg = Release|Any CPU
		{66554AA7-0AE7-4B2C-9612-7193782E6078}.Release|Any CPU.Build.0 = Release|Any CPU
		{9AB8289E-F0B3-40D4-A529-815FFBCC85FE}.Debug|Any CPU.ActiveCfg = Debug|Any CPU
		{9AB8289E-F0B3-40D4-A529-815FFBCC85FE}.Debug|Any CPU.Build.0 = Debug|Any CPU
		{9AB8289E-F0B3-40D4-A529-815FFBCC85FE}.Release|Any CPU.ActiveCfg = Release|Any CPU
		{9AB8289E-F0B3-40D4-A529-815FFBCC85FE}.Release|Any CPU.Build.0 = Release|Any CPU
	EndGlobalSection
	GlobalSection(SolutionProperties) = preSolution
		HideSolutionNode = FALSE
	EndGlobalSection
	GlobalSection(ExtensibilityGlobals) = postSolution
		SolutionGuid = {9FF409BF-9CE3-442D-A74F-0AB2B8132862}
	EndGlobalSection
EndGlobal
